
Microsoft Visual Studio Solution File, Format Version 12.00
# Visual Studio Version 17
VisualStudioVersion = 17.13.35919.96 d17.13
MinimumVisualStudioVersion = 10.0.40219.1
Project("{FAE04EC0-301F-11D3-BF4B-00C04F79EFBC}") = "Reservations", "Reservations\Reservations.csproj", "{DEFD0F9C-3A9E-4D3E-95A0-1EA1299C7891}"
EndProject
Project("{FAE04EC0-301F-11D3-BF4B-00C04F79EFBC}") = "Reservations.Tests", "Reservations.Tests\Reservations.Tests.csproj", "{EE6B25C5-C8AF-4284-9B3E-D2FD56C6A2D6}"
EndProject
Global
	GlobalSection(SolutionConfigurationPlatforms) = preSolution
		Debug|Any CPU = Debug|Any CPU
		Release|Any CPU = Release|Any CPU
	EndGlobalSection
	GlobalSection(ProjectConfigurationPlatforms) = postSolution
		{DEFD0F9C-3A9E-4D3E-95A0-1EA1299C7891}.Debug|Any CPU.ActiveCfg = Debug|Any CPU
		{DEFD0F9C-3A9E-4D3E-95A0-1EA1299C7891}.Debug|Any CPU.Build.0 = Debug|Any CPU
		{DEFD0F9C-3A9E-4D3E-95A0-1EA1299C7891}.Release|Any CPU.ActiveCfg = Release|Any CPU
		{DEFD0F9C-3A9E-4D3E-95A0-1EA1299C7891}.Release|Any CPU.Build.0 = Release|Any CPU
		{EE6B25C5-C8AF-4284-9B3E-D2FD56C6A2D6}.Debug|Any CPU.ActiveCfg = Debug|Any CPU
		{EE6B25C5-C8AF-4284-9B3E-D2FD56C6A2D6}.Debug|Any CPU.Build.0 = Debug|Any CPU
		{EE6B25C5-C8AF-4284-9B3E-D2FD56C6A2D6}.Release|Any CPU.ActiveCfg = Release|Any CPU
		{EE6B25C5-C8AF-4284-9B3E-D2FD56C6A2D6}.Release|Any CPU.Build.0 = Release|Any CPU
	EndGlobalSection
	GlobalSection(SolutionProperties) = preSolution
		HideSolutionNode = FALSE
	EndGlobalSection
	GlobalSection(ExtensibilityGlobals) = postSolution
		SolutionGuid = {D285CA26-C7D0-4BD1-8D6A-9440174D870F}
	EndGlobalSection
EndGlobal
